
Microsoft Visual Studio Solution File, Format Version 12.00
# Visual Studio Version 16
VisualStudioVersion = 16.0.30011.22
MinimumVisualStudioVersion = 10.0.40219.1
Project("{FAE04EC0-301F-11D3-BF4B-00C04F79EFBC}") = "library", "library\library.csproj", "{6AC471F2-B02A-4289-9F79-7D37379D8A9B}"
EndProject
Project("{FAE04EC0-301F-11D3-BF4B-00C04F79EFBC}") = "libraryTests", "libraryTests\libraryTests.csproj", "{42581F98-A458-44AB-9583-15569AA7C5B4}"
EndProject
Global
	GlobalSection(SolutionConfigurationPlatforms) = preSolution
		Debug|Any CPU = Debug|Any CPU
		Release|Any CPU = Release|Any CPU
	EndGlobalSection
	GlobalSection(ProjectConfigurationPlatforms) = postSolution
		{6AC471F2-B02A-4289-9F79-7D37379D8A9B}.Debug|Any CPU.ActiveCfg = Debug|Any CPU
		{6AC471F2-B02A-4289-9F79-7D37379D8A9B}.Debug|Any CPU.Build.0 = Debug|Any CPU
		{6AC471F2-B02A-4289-9F79-7D37379D8A9B}.Release|Any CPU.ActiveCfg = Release|Any CPU
		{6AC471F2-B02A-4289-9F79-7D37379D8A9B}.Release|Any CPU.Build.0 = Release|Any CPU
		{42581F98-A458-44AB-9583-15569AA7C5B4}.Debug|Any CPU.ActiveCfg = Debug|Any CPU
		{42581F98-A458-44AB-9583-15569AA7C5B4}.Debug|Any CPU.Build.0 = Debug|Any CPU
		{42581F98-A458-44AB-9583-15569AA7C5B4}.Release|Any CPU.ActiveCfg = Release|Any CPU
		{42581F98-A458-44AB-9583-15569AA7C5B4}.Release|Any CPU.Build.0 = Release|Any CPU
	EndGlobalSection
	GlobalSection(SolutionProperties) = preSolution
		HideSolutionNode = FALSE
	EndGlobalSection
	GlobalSection(ExtensibilityGlobals) = postSolution
		SolutionGuid = {3415AC04-4DD8-4311-B7A5-1D62AA6948C0}
	EndGlobalSection
EndGlobal
